# This file is automatically @generated by Cargo.
# It is not intended for manual editing.
version = 3

[[package]]
name = "aho-corasick"
version = "0.7.18"
source = "registry+https://github.com/rust-lang/crates.io-index"
checksum = "1e37cfd5e7657ada45f742d6e99ca5788580b5c529dc78faf11ece6dc702656f"
dependencies = [
 "memchr",
]

[[package]]
name = "autocfg"
version = "1.1.0"
source = "registry+https://github.com/rust-lang/crates.io-index"
checksum = "d468802bab17cbc0cc575e9b053f41e72aa36bfa6b7f55e3529ffa43161b97fa"

[[package]]
name = "cc"
version = "1.0.73"
source = "registry+https://github.com/rust-lang/crates.io-index"
checksum = "2fff2a6927b3bb87f9595d67196a70493f627687a71d87a0d692242c33f58c11"

[[package]]
name = "dir"
version = "0.1.0"
dependencies = [
 "petgraph",
 "regex",
 "tree-sitter",
 "tree-sitter-rust",
 "tree-sitter-traversal",
 "walkdir",
]

[[package]]
name = "fixedbitset"
version = "0.4.1"
source = "registry+https://github.com/rust-lang/crates.io-index"
checksum = "279fb028e20b3c4c320317955b77c5e0c9701f05a1d309905d6fc702cdc5053e"

[[package]]
name = "hashbrown"
version = "0.11.2"
source = "registry+https://github.com/rust-lang/crates.io-index"
checksum = "ab5ef0d4909ef3724cc8cce6ccc8572c5c817592e9285f5464f8e86f8bd3726e"

[[package]]
name = "indexmap"
version = "1.8.1"
source = "registry+https://github.com/rust-lang/crates.io-index"
checksum = "0f647032dfaa1f8b6dc29bd3edb7bbef4861b8b8007ebb118d6db284fd59f6ee"
dependencies = [
 "autocfg",
 "hashbrown",
]

[[package]]
name = "memchr"
version = "2.4.1"
source = "registry+https://github.com/rust-lang/crates.io-index"
checksum = "308cc39be01b73d0d18f82a0e7b2a3df85245f84af96fdddc5d202d27e47b86a"

[[package]]
name = "petgraph"
version = "0.6.0"
source = "registry+https://github.com/rust-lang/crates.io-index"
checksum = "4a13a2fa9d0b63e5f22328828741e523766fff0ee9e779316902290dff3f824f"
dependencies = [
 "fixedbitset",
 "indexmap",
]

[[package]]
name = "regex"
version = "1.5.5"
source = "registry+https://github.com/rust-lang/crates.io-index"
checksum = "1a11647b6b25ff05a515cb92c365cec08801e83423a235b51e231e1808747286"
dependencies = [
 "aho-corasick",
 "memchr",
 "regex-syntax",
]

[[package]]
name = "regex-syntax"
version = "0.6.25"
source = "registry+https://github.com/rust-lang/crates.io-index"
checksum = "f497285884f3fcff424ffc933e56d7cbca511def0c9831a7f9b5f6153e3cc89b"

[[package]]
name = "same-file"
version = "1.0.6"
source = "registry+https://github.com/rust-lang/crates.io-index"
checksum = "93fc1dc3aaa9bfed95e02e6eadabb4baf7e3078b0bd1b4d7b6b0b68378900502"
dependencies = [
 "winapi-util",
]

[[package]]
name = "tree-sitter"
version = "0.20.6"
source = "registry+https://github.com/rust-lang/crates.io-index"
checksum = "09b3b781640108d29892e8b9684642d2cda5ea05951fd58f0fea1db9edeb9b71"
dependencies = [
 "cc",
 "regex",
]

[[package]]
name = "tree-sitter-rust"
version = "0.20.1"
source = "registry+https://github.com/rust-lang/crates.io-index"
checksum = "13470fafb7327a3acf96f5bc1013b5539a899a182f01c59b5af53f6b93195717"
dependencies = [
 "cc",
 "tree-sitter",
]

[[package]]
name = "tree-sitter-traversal"
version = "0.1.2"
source = "registry+https://github.com/rust-lang/crates.io-index"
checksum = "df8a158225e4a4d8505f071340bba9edd109b23f01b70540dccb7c799868f307"
dependencies = [
 "tree-sitter",
]

[[package]]
name = "walkdir"
version = "2.3.2"
source = "registry+https://github.com/rust-lang/crates.io-index"
checksum = "808cf2735cd4b6866113f648b791c6adc5714537bc222d9347bb203386ffda56"
dependencies = [
 "same-file",
 "winapi",
 "winapi-util",
]

[[package]]
name = "winapi"
version = "0.3.9"
source = "registry+https://github.com/rust-lang/crates.io-index"
checksum = "5c839a674fcd7a98952e593242ea400abe93992746761e38641405d28b00f419"
dependencies = [
 "winapi-i686-pc-windows-gnu",
 "winapi-x86_64-pc-windows-gnu",
]

[[package]]
name = "winapi-i686-pc-windows-gnu"
version = "0.4.0"
source = "registry+https://github.com/rust-lang/crates.io-index"
checksum = "ac3b87c63620426dd9b991e5ce0329eff545bccbbb34f3be09ff6fb6ab51b7b6"

[[package]]
name = "winapi-util"
version = "0.1.5"
source = "registry+https://github.com/rust-lang/crates.io-index"
checksum = "70ec6ce85bb158151cae5e5c87f95a8e97d2c0c4b001223f33a334e3ce5de178"
dependencies = [
 "winapi",
]

[[package]]
name = "winapi-x86_64-pc-windows-gnu"
version = "0.4.0"
source = "registry+https://github.com/rust-lang/crates.io-index"
checksum = "712e227841d057c1ee1cd2fb22fa7e5a5461ae8e48fa2ca79ec42cfc1931183f"
